
Microsoft Visual Studio Solution File, Format Version 12.00
# Visual Studio Version 17
VisualStudioVersion = 17.0.31903.59
MinimumVisualStudioVersion = 10.0.40219.1
Project("{2150E333-8FDC-42A3-9474-1A3956D46DE8}") = "src", "src", "{7306A281-C46A-4EE3-948D-513D56B1BD34}"
EndProject
Project("{9A19103F-16F7-4668-BE54-9A1E7A4F7556}") = "Backend", "src\Backend\Backend.csproj", "{96F30B32-9DE5-450F-B54F-CFDFACC91AFF}"
EndProject
Project("{9A19103F-16F7-4668-BE54-9A1E7A4F7556}") = "StaffWebUI", "src\StaffWebUI\StaffWebUI.csproj", "{D77F3443-68A2-4F6A-ABB8-0E7CA32643FA}"
EndProject
Project("{9A19103F-16F7-4668-BE54-9A1E7A4F7556}") = "AppHost", "src\AppHost\AppHost.csproj", "{BEE4A236-2112-44BF-8013-00542A07E4FE}"
EndProject
Project("{9A19103F-16F7-4668-BE54-9A1E7A4F7556}") = "ServiceDefaults", "src\ServiceDefaults\ServiceDefaults.csproj", "{D69799F9-BE09-4303-A67D-323A60AA8C0A}"
EndProject
Project("{9A19103F-16F7-4668-BE54-9A1E7A4F7556}") = "DataIngestor", "src\DataIngestor\DataIngestor.csproj", "{E0886BA7-F33C-4FB4-80D1-93FCC1C4A513}"
EndProject
Project("{2150E333-8FDC-42A3-9474-1A3956D46DE8}") = "seeddata", "seeddata", "{2B17496A-5870-4676-927B-6B45871C7BBA}"
EndProject
Project("{2150E333-8FDC-42A3-9474-1A3956D46DE8}") = "dev", "dev", "{B3CDC49A-D71A-4C0D-945F-8DD69FC1B066}"
	ProjectSection(SolutionItems) = preProject
		seeddata\dev\categories.json = seeddata\dev\categories.json
		seeddata\dev\customers.json = seeddata\dev\customers.json
		seeddata\dev\evalquestions.json = seeddata\dev\evalquestions.json
		seeddata\dev\manual-chunks.json = seeddata\dev\manual-chunks.json
		seeddata\dev\manuals.zip = seeddata\dev\manuals.zip
		seeddata\dev\products.json = seeddata\dev\products.json
		seeddata\dev\tickets.json = seeddata\dev\tickets.json
	EndProjectSection
EndProject
Project("{9A19103F-16F7-4668-BE54-9A1E7A4F7556}") = "CustomerWebUI", "src\CustomerWebUI\CustomerWebUI.csproj", "{AAA2257C-D227-404A-8EDF-7BF6C5592D51}"
EndProject
Project("{888888A0-9F3D-457C-B088-3A5042F75D52}") = "PythonInference", "src\PythonInference\PythonInference.pyproj", "{BAA14585-1716-40FB-A04E-F986F1038638}"
EndProject
Project("{2150E333-8FDC-42A3-9474-1A3956D46DE8}") = "Solution Items", "Solution Items", "{218618B1-A99C-4174-A13C-0C2CFD065D78}"
	ProjectSection(SolutionItems) = preProject
		Directory.Packages.props = Directory.Packages.props
	EndProjectSection
EndProject
Project("{9A19103F-16F7-4668-BE54-9A1E7A4F7556}") = "DataGenerator", "seeddata\DataGenerator\DataGenerator.csproj", "{E2871C52-FBBF-44A4-A3CD-185E5F6AA7EB}"
EndProject
Project("{9A19103F-16F7-4668-BE54-9A1E7A4F7556}") = "Evaluator", "src\Evaluator\Evaluator.csproj", "{A634C7D8-FD7D-49F5-A98E-626F0AEE145F}"
EndProject
Project("{2150E333-8FDC-42A3-9474-1A3956D46DE8}") = "test", "test", "{9E677D76-414B-492C-AF74-1B091F940D00}"
	ProjectSection(SolutionItems) = preProject
		seeddata\test\categories.json = seeddata\test\categories.json
		seeddata\test\customers.json = seeddata\test\customers.json
		seeddata\test\evalquestions.json = seeddata\test\evalquestions.json
		seeddata\test\manual-chunks.json = seeddata\test\manual-chunks.json
		seeddata\test\manuals.zip = seeddata\test\manuals.zip
		seeddata\test\products.json = seeddata\test\products.json
		seeddata\test\tickets.json = seeddata\test\tickets.json
	EndProjectSection
EndProject
Project("{2150E333-8FDC-42A3-9474-1A3956D46DE8}") = "test", "test", "{51031120-B48D-4680-8808-26B64F235CB9}"
EndProject
Project("{9A19103F-16F7-4668-BE54-9A1E7A4F7556}") = "E2ETest", "test\E2ETest\E2ETest.csproj", "{F30843C3-AFB5-435E-8A7D-9B4C86A75E18}"
EndProject
Project("{9A19103F-16F7-4668-BE54-9A1E7A4F7556}") = "IdentityServer", "src\IdentityServer\IdentityServer.csproj", "{89404F66-90BC-4D45-9061-050334772CDC}"
EndProject
Project("{FAE04EC0-301F-11D3-BF4B-00C04F79EFBC}") = "EvaluationTests", "test\EvaluationTests\EvaluationTests.csproj", "{6BE0D6D5-F251-4628-9FB9-B19C565FC5EB}"
EndProject
Project("{FAE04EC0-301F-11D3-BF4B-00C04F79EFBC}") = "AgentService", "src\AgentService\AgentService.csproj", "{2FBCE916-1965-46BA-8054-B6D271388DE1}"
EndProject
Project("{FAE04EC0-301F-11D3-BF4B-00C04F79EFBC}") = "Microsoft.Agents.AI", "..\agent-framework\dotnet\src\Microsoft.Agents.AI\Microsoft.Agents.AI.csproj", "{7C087189-CE33-478B-A662-F433AA5A34DC}"
EndProject
Project("{FAE04EC0-301F-11D3-BF4B-00C04F79EFBC}") = "Microsoft.Agents.AI.Abstractions", "..\agent-framework\dotnet\src\Microsoft.Agents.AI.Abstractions\Microsoft.Agents.AI.Abstractions.csproj", "{6E514A5E-9962-44F2-9832-CED96E50B5EF}"
EndProject
Project("{FAE04EC0-301F-11D3-BF4B-00C04F79EFBC}") = "Microsoft.Agents.AI.Workflows", "..\agent-framework\dotnet\src\Microsoft.Agents.AI.Workflows\Microsoft.Agents.AI.Workflows.csproj", "{A3E2A916-B50E-4BE3-AE61-AA71DF8FDA02}"
EndProject
Project("{FAE04EC0-301F-11D3-BF4B-00C04F79EFBC}") = "Microsoft.Agents.AI.Hosting.A2A.AspNetCore", "..\agent-framework\dotnet\src\Microsoft.Agents.AI.Hosting.A2A.AspNetCore\Microsoft.Agents.AI.Hosting.A2A.AspNetCore.csproj", "{D0A4F4F8-5B40-48CA-BBF1-6DE3DED49A21}"
EndProject
Project("{FAE04EC0-301F-11D3-BF4B-00C04F79EFBC}") = "Microsoft.Agents.AI.Hosting.A2A", "..\agent-framework\dotnet\src\Microsoft.Agents.AI.Hosting.A2A\Microsoft.Agents.AI.Hosting.A2A.csproj", "{E8A89103-9263-4592-AE72-711C4D48A0E4}"
EndProject
Project("{FAE04EC0-301F-11D3-BF4B-00C04F79EFBC}") = "Microsoft.Agents.AI.Hosting", "..\agent-framework\dotnet\src\Microsoft.Agents.AI.Hosting\Microsoft.Agents.AI.Hosting.csproj", "{135EF4ED-F4C0-4565-A7F7-93489EC4B228}"
EndProject
Global
	GlobalSection(SolutionConfigurationPlatforms) = preSolution
		Debug|Any CPU = Debug|Any CPU
		Debug|x64 = Debug|x64
		Debug|x86 = Debug|x86
		Release|Any CPU = Release|Any CPU
		Release|x64 = Release|x64
		Release|x86 = Release|x86
	EndGlobalSection
	GlobalSection(ProjectConfigurationPlatforms) = postSolution
		{96F30B32-9DE5-450F-B54F-CFDFACC91AFF}.Debug|Any CPU.ActiveCfg = Debug|Any CPU
		{96F30B32-9DE5-450F-B54F-CFDFACC91AFF}.Debug|Any CPU.Build.0 = Debug|Any CPU
		{96F30B32-9DE5-450F-B54F-CFDFACC91AFF}.Debug|x64.ActiveCfg = Debug|Any CPU
		{96F30B32-9DE5-450F-B54F-CFDFACC91AFF}.Debug|x64.Build.0 = Debug|Any CPU
		{96F30B32-9DE5-450F-B54F-CFDFACC91AFF}.Debug|x86.ActiveCfg = Debug|Any CPU
		{96F30B32-9DE5-450F-B54F-CFDFACC91AFF}.Debug|x86.Build.0 = Debug|Any CPU
		{96F30B32-9DE5-450F-B54F-CFDFACC91AFF}.Release|Any CPU.ActiveCfg = Release|Any CPU
		{96F30B32-9DE5-450F-B54F-CFDFACC91AFF}.Release|Any CPU.Build.0 = Release|Any CPU
		{96F30B32-9DE5-450F-B54F-CFDFACC91AFF}.Release|x64.ActiveCfg = Release|Any CPU
		{96F30B32-9DE5-450F-B54F-CFDFACC91AFF}.Release|x64.Build.0 = Release|Any CPU
		{96F30B32-9DE5-450F-B54F-CFDFACC91AFF}.Release|x86.ActiveCfg = Release|Any CPU
		{96F30B32-9DE5-450F-B54F-CFDFACC91AFF}.Release|x86.Build.0 = Release|Any CPU
		{D77F3443-68A2-4F6A-ABB8-0E7CA32643FA}.Debug|Any CPU.ActiveCfg = Debug|Any CPU
		{D77F3443-68A2-4F6A-ABB8-0E7CA32643FA}.Debug|Any CPU.Build.0 = Debug|Any CPU
		{D77F3443-68A2-4F6A-ABB8-0E7CA32643FA}.Debug|x64.ActiveCfg = Debug|Any CPU
		{D77F3443-68A2-4F6A-ABB8-0E7CA32643FA}.Debug|x64.Build.0 = Debug|Any CPU
		{D77F3443-68A2-4F6A-ABB8-0E7CA32643FA}.Debug|x86.ActiveCfg = Debug|Any CPU
		{D77F3443-68A2-4F6A-ABB8-0E7CA32643FA}.Debug|x86.Build.0 = Debug|Any CPU
		{D77F3443-68A2-4F6A-ABB8-0E7CA32643FA}.Release|Any CPU.ActiveCfg = Release|Any CPU
		{D77F3443-68A2-4F6A-ABB8-0E7CA32643FA}.Release|Any CPU.Build.0 = Release|Any CPU
		{D77F3443-68A2-4F6A-ABB8-0E7CA32643FA}.Release|x64.ActiveCfg = Release|Any CPU
		{D77F3443-68A2-4F6A-ABB8-0E7CA32643FA}.Release|x64.Build.0 = Release|Any CPU
		{D77F3443-68A2-4F6A-ABB8-0E7CA32643FA}.Release|x86.ActiveCfg = Release|Any CPU
		{D77F3443-68A2-4F6A-ABB8-0E7CA32643FA}.Release|x86.Build.0 = Release|Any CPU
		{BEE4A236-2112-44BF-8013-00542A07E4FE}.Debug|Any CPU.ActiveCfg = Debug|Any CPU
		{BEE4A236-2112-44BF-8013-00542A07E4FE}.Debug|Any CPU.Build.0 = Debug|Any CPU
		{BEE4A236-2112-44BF-8013-00542A07E4FE}.Debug|x64.ActiveCfg = Debug|Any CPU
		{BEE4A236-2112-44BF-8013-00542A07E4FE}.Debug|x64.Build.0 = Debug|Any CPU
		{BEE4A236-2112-44BF-8013-00542A07E4FE}.Debug|x86.ActiveCfg = Debug|Any CPU
		{BEE4A236-2112-44BF-8013-00542A07E4FE}.Debug|x86.Build.0 = Debug|Any CPU
		{BEE4A236-2112-44BF-8013-00542A07E4FE}.Release|Any CPU.ActiveCfg = Release|Any CPU
		{BEE4A236-2112-44BF-8013-00542A07E4FE}.Release|Any CPU.Build.0 = Release|Any CPU
		{BEE4A236-2112-44BF-8013-00542A07E4FE}.Release|x64.ActiveCfg = Release|Any CPU
		{BEE4A236-2112-44BF-8013-00542A07E4FE}.Release|x64.Build.0 = Release|Any CPU
		{BEE4A236-2112-44BF-8013-00542A07E4FE}.Release|x86.ActiveCfg = Release|Any CPU
		{BEE4A236-2112-44BF-8013-00542A07E4FE}.Release|x86.Build.0 = Release|Any CPU
		{D69799F9-BE09-4303-A67D-323A60AA8C0A}.Debug|Any CPU.ActiveCfg = Debug|Any CPU
		{D69799F9-BE09-4303-A67D-323A60AA8C0A}.Debug|Any CPU.Build.0 = Debug|Any CPU
		{D69799F9-BE09-4303-A67D-323A60AA8C0A}.Debug|x64.ActiveCfg = Debug|Any CPU
		{D69799F9-BE09-4303-A67D-323A60AA8C0A}.Debug|x64.Build.0 = Debug|Any CPU
		{D69799F9-BE09-4303-A67D-323A60AA8C0A}.Debug|x86.ActiveCfg = Debug|Any CPU
		{D69799F9-BE09-4303-A67D-323A60AA8C0A}.Debug|x86.Build.0 = Debug|Any CPU
		{D69799F9-BE09-4303-A67D-323A60AA8C0A}.Release|Any CPU.ActiveCfg = Release|Any CPU
		{D69799F9-BE09-4303-A67D-323A60AA8C0A}.Release|Any CPU.Build.0 = Release|Any CPU
		{D69799F9-BE09-4303-A67D-323A60AA8C0A}.Release|x64.ActiveCfg = Release|Any CPU
		{D69799F9-BE09-4303-A67D-323A60AA8C0A}.Release|x64.Build.0 = Release|Any CPU
		{D69799F9-BE09-4303-A67D-323A60AA8C0A}.Release|x86.ActiveCfg = Release|Any CPU
		{D69799F9-BE09-4303-A67D-323A60AA8C0A}.Release|x86.Build.0 = Release|Any CPU
		{E0886BA7-F33C-4FB4-80D1-93FCC1C4A513}.Debug|Any CPU.ActiveCfg = Debug|Any CPU
		{E0886BA7-F33C-4FB4-80D1-93FCC1C4A513}.Debug|Any CPU.Build.0 = Debug|Any CPU
		{E0886BA7-F33C-4FB4-80D1-93FCC1C4A513}.Debug|x64.ActiveCfg = Debug|Any CPU
		{E0886BA7-F33C-4FB4-80D1-93FCC1C4A513}.Debug|x64.Build.0 = Debug|Any CPU
		{E0886BA7-F33C-4FB4-80D1-93FCC1C4A513}.Debug|x86.ActiveCfg = Debug|Any CPU
		{E0886BA7-F33C-4FB4-80D1-93FCC1C4A513}.Debug|x86.Build.0 = Debug|Any CPU
		{E0886BA7-F33C-4FB4-80D1-93FCC1C4A513}.Release|Any CPU.ActiveCfg = Release|Any CPU
		{E0886BA7-F33C-4FB4-80D1-93FCC1C4A513}.Release|Any CPU.Build.0 = Release|Any CPU
		{E0886BA7-F33C-4FB4-80D1-93FCC1C4A513}.Release|x64.ActiveCfg = Release|Any CPU
		{E0886BA7-F33C-4FB4-80D1-93FCC1C4A513}.Release|x64.Build.0 = Release|Any CPU
		{E0886BA7-F33C-4FB4-80D1-93FCC1C4A513}.Release|x86.ActiveCfg = Release|Any CPU
		{E0886BA7-F33C-4FB4-80D1-93FCC1C4A513}.Release|x86.Build.0 = Release|Any CPU
		{AAA2257C-D227-404A-8EDF-7BF6C5592D51}.Debug|Any CPU.ActiveCfg = Debug|Any CPU
		{AAA2257C-D227-404A-8EDF-7BF6C5592D51}.Debug|Any CPU.Build.0 = Debug|Any CPU
		{AAA2257C-D227-404A-8EDF-7BF6C5592D51}.Debug|x64.ActiveCfg = Debug|Any CPU
		{AAA2257C-D227-404A-8EDF-7BF6C5592D51}.Debug|x64.Build.0 = Debug|Any CPU
		{AAA2257C-D227-404A-8EDF-7BF6C5592D51}.Debug|x86.ActiveCfg = Debug|Any CPU
		{AAA2257C-D227-404A-8EDF-7BF6C5592D51}.Debug|x86.Build.0 = Debug|Any CPU
		{AAA2257C-D227-404A-8EDF-7BF6C5592D51}.Release|Any CPU.ActiveCfg = Release|Any CPU
		{AAA2257C-D227-404A-8EDF-7BF6C5592D51}.Release|Any CPU.Build.0 = Release|Any CPU
		{AAA2257C-D227-404A-8EDF-7BF6C5592D51}.Release|x64.ActiveCfg = Release|Any CPU
		{AAA2257C-D227-404A-8EDF-7BF6C5592D51}.Release|x64.Build.0 = Release|Any CPU
		{AAA2257C-D227-404A-8EDF-7BF6C5592D51}.Release|x86.ActiveCfg = Release|Any CPU
		{AAA2257C-D227-404A-8EDF-7BF6C5592D51}.Release|x86.Build.0 = Release|Any CPU
		{BAA14585-1716-40FB-A04E-F986F1038638}.Debug|Any CPU.ActiveCfg = Debug|Any CPU
		{BAA14585-1716-40FB-A04E-F986F1038638}.Debug|x64.ActiveCfg = Debug|x64
		{BAA14585-1716-40FB-A04E-F986F1038638}.Debug|x64.Build.0 = Debug|x64
		{BAA14585-1716-40FB-A04E-F986F1038638}.Debug|x86.ActiveCfg = Debug|x86
		{BAA14585-1716-40FB-A04E-F986F1038638}.Debug|x86.Build.0 = Debug|x86
		{BAA14585-1716-40FB-A04E-F986F1038638}.Release|Any CPU.ActiveCfg = Release|Any CPU
		{BAA14585-1716-40FB-A04E-F986F1038638}.Release|x64.ActiveCfg = Release|x64
		{BAA14585-1716-40FB-A04E-F986F1038638}.Release|x64.Build.0 = Release|x64
		{BAA14585-1716-40FB-A04E-F986F1038638}.Release|x86.ActiveCfg = Release|x86
		{BAA14585-1716-40FB-A04E-F986F1038638}.Release|x86.Build.0 = Release|x86
		{E2871C52-FBBF-44A4-A3CD-185E5F6AA7EB}.Debug|Any CPU.ActiveCfg = Debug|Any CPU
		{E2871C52-FBBF-44A4-A3CD-185E5F6AA7EB}.Debug|Any CPU.Build.0 = Debug|Any CPU
		{E2871C52-FBBF-44A4-A3CD-185E5F6AA7EB}.Debug|x64.ActiveCfg = Debug|Any CPU
		{E2871C52-FBBF-44A4-A3CD-185E5F6AA7EB}.Debug|x64.Build.0 = Debug|Any CPU
		{E2871C52-FBBF-44A4-A3CD-185E5F6AA7EB}.Debug|x86.ActiveCfg = Debug|Any CPU
		{E2871C52-FBBF-44A4-A3CD-185E5F6AA7EB}.Debug|x86.Build.0 = Debug|Any CPU
		{E2871C52-FBBF-44A4-A3CD-185E5F6AA7EB}.Release|Any CPU.ActiveCfg = Release|Any CPU
		{E2871C52-FBBF-44A4-A3CD-185E5F6AA7EB}.Release|Any CPU.Build.0 = Release|Any CPU
		{E2871C52-FBBF-44A4-A3CD-185E5F6AA7EB}.Release|x64.ActiveCfg = Release|Any CPU
		{E2871C52-FBBF-44A4-A3CD-185E5F6AA7EB}.Release|x64.Build.0 = Release|Any CPU
		{E2871C52-FBBF-44A4-A3CD-185E5F6AA7EB}.Release|x86.ActiveCfg = Release|Any CPU
		{E2871C52-FBBF-44A4-A3CD-185E5F6AA7EB}.Release|x86.Build.0 = Release|Any CPU
		{A634C7D8-FD7D-49F5-A98E-626F0AEE145F}.Debug|Any CPU.ActiveCfg = Debug|Any CPU
		{A634C7D8-FD7D-49F5-A98E-626F0AEE145F}.Debug|Any CPU.Build.0 = Debug|Any CPU
		{A634C7D8-FD7D-49F5-A98E-626F0AEE145F}.Debug|x64.ActiveCfg = Debug|Any CPU
		{A634C7D8-FD7D-49F5-A98E-626F0AEE145F}.Debug|x64.Build.0 = Debug|Any CPU
		{A634C7D8-FD7D-49F5-A98E-626F0AEE145F}.Debug|x86.ActiveCfg = Debug|Any CPU
		{A634C7D8-FD7D-49F5-A98E-626F0AEE145F}.Debug|x86.Build.0 = Debug|Any CPU
		{A634C7D8-FD7D-49F5-A98E-626F0AEE145F}.Release|Any CPU.ActiveCfg = Release|Any CPU
		{A634C7D8-FD7D-49F5-A98E-626F0AEE145F}.Release|Any CPU.Build.0 = Release|Any CPU
		{A634C7D8-FD7D-49F5-A98E-626F0AEE145F}.Release|x64.ActiveCfg = Release|Any CPU
		{A634C7D8-FD7D-49F5-A98E-626F0AEE145F}.Release|x64.Build.0 = Release|Any CPU
		{A634C7D8-FD7D-49F5-A98E-626F0AEE145F}.Release|x86.ActiveCfg = Release|Any CPU
		{A634C7D8-FD7D-49F5-A98E-626F0AEE145F}.Release|x86.Build.0 = Release|Any CPU
		{F30843C3-AFB5-435E-8A7D-9B4C86A75E18}.Debug|Any CPU.ActiveCfg = Debug|Any CPU
		{F30843C3-AFB5-435E-8A7D-9B4C86A75E18}.Debug|Any CPU.Build.0 = Debug|Any CPU
		{F30843C3-AFB5-435E-8A7D-9B4C86A75E18}.Debug|x64.ActiveCfg = Debug|Any CPU
		{F30843C3-AFB5-435E-8A7D-9B4C86A75E18}.Debug|x64.Build.0 = Debug|Any CPU
		{F30843C3-AFB5-435E-8A7D-9B4C86A75E18}.Debug|x86.ActiveCfg = Debug|Any CPU
		{F30843C3-AFB5-435E-8A7D-9B4C86A75E18}.Debug|x86.Build.0 = Debug|Any CPU
		{F30843C3-AFB5-435E-8A7D-9B4C86A75E18}.Release|Any CPU.ActiveCfg = Release|Any CPU
		{F30843C3-AFB5-435E-8A7D-9B4C86A75E18}.Release|Any CPU.Build.0 = Release|Any CPU
		{F30843C3-AFB5-435E-8A7D-9B4C86A75E18}.Release|x64.ActiveCfg = Release|Any CPU
		{F30843C3-AFB5-435E-8A7D-9B4C86A75E18}.Release|x64.Build.0 = Release|Any CPU
		{F30843C3-AFB5-435E-8A7D-9B4C86A75E18}.Release|x86.ActiveCfg = Release|Any CPU
		{F30843C3-AFB5-435E-8A7D-9B4C86A75E18}.Release|x86.Build.0 = Release|Any CPU
		{89404F66-90BC-4D45-9061-050334772CDC}.Debug|Any CPU.ActiveCfg = Debug|Any CPU
		{89404F66-90BC-4D45-9061-050334772CDC}.Debug|Any CPU.Build.0 = Debug|Any CPU
		{89404F66-90BC-4D45-9061-050334772CDC}.Debug|x64.ActiveCfg = Debug|Any CPU
		{89404F66-90BC-4D45-9061-050334772CDC}.Debug|x64.Build.0 = Debug|Any CPU
		{89404F66-90BC-4D45-9061-050334772CDC}.Debug|x86.ActiveCfg = Debug|Any CPU
		{89404F66-90BC-4D45-9061-050334772CDC}.Debug|x86.Build.0 = Debug|Any CPU
		{89404F66-90BC-4D45-9061-050334772CDC}.Release|Any CPU.ActiveCfg = Release|Any CPU
		{89404F66-90BC-4D45-9061-050334772CDC}.Release|Any CPU.Build.0 = Release|Any CPU
		{89404F66-90BC-4D45-9061-050334772CDC}.Release|x64.ActiveCfg = Release|Any CPU
		{89404F66-90BC-4D45-9061-050334772CDC}.Release|x64.Build.0 = Release|Any CPU
		{89404F66-90BC-4D45-9061-050334772CDC}.Release|x86.ActiveCfg = Release|Any CPU
		{89404F66-90BC-4D45-9061-050334772CDC}.Release|x86.Build.0 = Release|Any CPU
		{6BE0D6D5-F251-4628-9FB9-B19C565FC5EB}.Debug|Any CPU.ActiveCfg = Debug|Any CPU
		{6BE0D6D5-F251-4628-9FB9-B19C565FC5EB}.Debug|Any CPU.Build.0 = Debug|Any CPU
		{6BE0D6D5-F251-4628-9FB9-B19C565FC5EB}.Debug|x64.ActiveCfg = Debug|Any CPU
		{6BE0D6D5-F251-4628-9FB9-B19C565FC5EB}.Debug|x64.Build.0 = Debug|Any CPU
		{6BE0D6D5-F251-4628-9FB9-B19C565FC5EB}.Debug|x86.ActiveCfg = Debug|Any CPU
		{6BE0D6D5-F251-4628-9FB9-B19C565FC5EB}.Debug|x86.Build.0 = Debug|Any CPU
		{6BE0D6D5-F251-4628-9FB9-B19C565FC5EB}.Release|Any CPU.ActiveCfg = Release|Any CPU
		{6BE0D6D5-F251-4628-9FB9-B19C565FC5EB}.Release|Any CPU.Build.0 = Release|Any CPU
		{6BE0D6D5-F251-4628-9FB9-B19C565FC5EB}.Release|x64.ActiveCfg = Release|Any CPU
		{6BE0D6D5-F251-4628-9FB9-B19C565FC5EB}.Release|x64.Build.0 = Release|Any CPU
		{6BE0D6D5-F251-4628-9FB9-B19C565FC5EB}.Release|x86.ActiveCfg = Release|Any CPU
		{6BE0D6D5-F251-4628-9FB9-B19C565FC5EB}.Release|x86.Build.0 = Release|Any CPU
		{2FBCE916-1965-46BA-8054-B6D271388DE1}.Debug|Any CPU.ActiveCfg = Debug|Any CPU
		{2FBCE916-1965-46BA-8054-B6D271388DE1}.Debug|Any CPU.Build.0 = Debug|Any CPU
		{2FBCE916-1965-46BA-8054-B6D271388DE1}.Debug|x64.ActiveCfg = Debug|Any CPU
		{2FBCE916-1965-46BA-8054-B6D271388DE1}.Debug|x64.Build.0 = Debug|Any CPU
		{2FBCE916-1965-46BA-8054-B6D271388DE1}.Debug|x86.ActiveCfg = Debug|Any CPU
		{2FBCE916-1965-46BA-8054-B6D271388DE1}.Debug|x86.Build.0 = Debug|Any CPU
		{2FBCE916-1965-46BA-8054-B6D271388DE1}.Release|Any CPU.ActiveCfg = Release|Any CPU
		{2FBCE916-1965-46BA-8054-B6D271388DE1}.Release|Any CPU.Build.0 = Release|Any CPU
		{2FBCE916-1965-46BA-8054-B6D271388DE1}.Release|x64.ActiveCfg = Release|Any CPU
		{2FBCE916-1965-46BA-8054-B6D271388DE1}.Release|x64.Build.0 = Release|Any CPU
		{2FBCE916-1965-46BA-8054-B6D271388DE1}.Release|x86.ActiveCfg = Release|Any CPU
		{2FBCE916-1965-46BA-8054-B6D271388DE1}.Release|x86.Build.0 = Release|Any CPU
		{7C087189-CE33-478B-A662-F433AA5A34DC}.Debug|Any CPU.ActiveCfg = Debug|Any CPU
		{7C087189-CE33-478B-A662-F433AA5A34DC}.Debug|Any CPU.Build.0 = Debug|Any CPU
		{7C087189-CE33-478B-A662-F433AA5A34DC}.Debug|x64.ActiveCfg = Debug|Any CPU
		{7C087189-CE33-478B-A662-F433AA5A34DC}.Debug|x64.Build.0 = Debug|Any CPU
		{7C087189-CE33-478B-A662-F433AA5A34DC}.Debug|x86.ActiveCfg = Debug|Any CPU
		{7C087189-CE33-478B-A662-F433AA5A34DC}.Debug|x86.Build.0 = Debug|Any CPU
		{7C087189-CE33-478B-A662-F433AA5A34DC}.Release|Any CPU.ActiveCfg = Release|Any CPU
		{7C087189-CE33-478B-A662-F433AA5A34DC}.Release|Any CPU.Build.0 = Release|Any CPU
		{7C087189-CE33-478B-A662-F433AA5A34DC}.Release|x64.ActiveCfg = Release|Any CPU
		{7C087189-CE33-478B-A662-F433AA5A34DC}.Release|x64.Build.0 = Release|Any CPU
		{7C087189-CE33-478B-A662-F433AA5A34DC}.Release|x86.ActiveCfg = Release|Any CPU
		{7C087189-CE33-478B-A662-F433AA5A34DC}.Release|x86.Build.0 = Release|Any CPU
		{6E514A5E-9962-44F2-9832-CED96E50B5EF}.Debug|Any CPU.ActiveCfg = Debug|Any CPU
		{6E514A5E-9962-44F2-9832-CED96E50B5EF}.Debug|Any CPU.Build.0 = Debug|Any CPU
		{6E514A5E-9962-44F2-9832-CED96E50B5EF}.Debug|x64.ActiveCfg = Debug|Any CPU
		{6E514A5E-9962-44F2-9832-CED96E50B5EF}.Debug|x64.Build.0 = Debug|Any CPU
		{6E514A5E-9962-44F2-9832-CED96E50B5EF}.Debug|x86.ActiveCfg = Debug|Any CPU
		{6E514A5E-9962-44F2-9832-CED96E50B5EF}.Debug|x86.Build.0 = Debug|Any CPU
		{6E514A5E-9962-44F2-9832-CED96E50B5EF}.Release|Any CPU.ActiveCfg = Release|Any CPU
		{6E514A5E-9962-44F2-9832-CED96E50B5EF}.Release|Any CPU.Build.0 = Release|Any CPU
		{6E514A5E-9962-44F2-9832-CED96E50B5EF}.Release|x64.ActiveCfg = Release|Any CPU
		{6E514A5E-9962-44F2-9832-CED96E50B5EF}.Release|x64.Build.0 = Release|Any CPU
		{6E514A5E-9962-44F2-9832-CED96E50B5EF}.Release|x86.ActiveCfg = Release|Any CPU
		{6E514A5E-9962-44F2-9832-CED96E50B5EF}.Release|x86.Build.0 = Release|Any CPU
		{A3E2A916-B50E-4BE3-AE61-AA71DF8FDA02}.Debug|Any CPU.ActiveCfg = Debug|Any CPU
		{A3E2A916-B50E-4BE3-AE61-AA71DF8FDA02}.Debug|Any CPU.Build.0 = Debug|Any CPU
		{A3E2A916-B50E-4BE3-AE61-AA71DF8FDA02}.Debug|x64.ActiveCfg = Debug|Any CPU
		{A3E2A916-B50E-4BE3-AE61-AA71DF8FDA02}.Debug|x64.Build.0 = Debug|Any CPU
		{A3E2A916-B50E-4BE3-AE61-AA71DF8FDA02}.Debug|x86.ActiveCfg = Debug|Any CPU
		{A3E2A916-B50E-4BE3-AE61-AA71DF8FDA02}.Debug|x86.Build.0 = Debug|Any CPU
		{A3E2A916-B50E-4BE3-AE61-AA71DF8FDA02}.Release|Any CPU.ActiveCfg = Release|Any CPU
		{A3E2A916-B50E-4BE3-AE61-AA71DF8FDA02}.Release|Any CPU.Build.0 = Release|Any CPU
		{A3E2A916-B50E-4BE3-AE61-AA71DF8FDA02}.Release|x64.ActiveCfg = Release|Any CPU
		{A3E2A916-B50E-4BE3-AE61-AA71DF8FDA02}.Release|x64.Build.0 = Release|Any CPU
		{A3E2A916-B50E-4BE3-AE61-AA71DF8FDA02}.Release|x86.ActiveCfg = Release|Any CPU
		{A3E2A916-B50E-4BE3-AE61-AA71DF8FDA02}.Release|x86.Build.0 = Release|Any CPU
		{D0A4F4F8-5B40-48CA-BBF1-6DE3DED49A21}.Debug|Any CPU.ActiveCfg = Debug|Any CPU
		{D0A4F4F8-5B40-48CA-BBF1-6DE3DED49A21}.Debug|Any CPU.Build.0 = Debug|Any CPU
		{D0A4F4F8-5B40-48CA-BBF1-6DE3DED49A21}.Debug|x64.ActiveCfg = Debug|Any CPU
		{D0A4F4F8-5B40-48CA-BBF1-6DE3DED49A21}.Debug|x64.Build.0 = Debug|Any CPU
		{D0A4F4F8-5B40-48CA-BBF1-6DE3DED49A21}.Debug|x86.ActiveCfg = Debug|Any CPU
		{D0A4F4F8-5B40-48CA-BBF1-6DE3DED49A21}.Debug|x86.Build.0 = Debug|Any CPU
		{D0A4F4F8-5B40-48CA-BBF1-6DE3DED49A21}.Release|Any CPU.ActiveCfg = Release|Any CPU
		{D0A4F4F8-5B40-48CA-BBF1-6DE3DED49A21}.Release|Any CPU.Build.0 = Release|Any CPU
		{D0A4F4F8-5B40-48CA-BBF1-6DE3DED49A21}.Release|x64.ActiveCfg = Release|Any CPU
		{D0A4F4F8-5B40-48CA-BBF1-6DE3DED49A21}.Release|x64.Build.0 = Release|Any CPU
		{D0A4F4F8-5B40-48CA-BBF1-6DE3DED49A21}.Release|x86.ActiveCfg = Release|Any CPU
		{D0A4F4F8-5B40-48CA-BBF1-6DE3DED49A21}.Release|x86.Build.0 = Release|Any CPU
		{E8A89103-9263-4592-AE72-711C4D48A0E4}.Debug|Any CPU.ActiveCfg = Debug|Any CPU
		{E8A89103-9263-4592-AE72-711C4D48A0E4}.Debug|Any CPU.Build.0 = Debug|Any CPU
		{E8A89103-9263-4592-AE72-711C4D48A0E4}.Debug|x64.ActiveCfg = Debug|Any CPU
		{E8A89103-9263-4592-AE72-711C4D48A0E4}.Debug|x64.Build.0 = Debug|Any CPU
		{E8A89103-9263-4592-AE72-711C4D48A0E4}.Debug|x86.ActiveCfg = Debug|Any CPU
		{E8A89103-9263-4592-AE72-711C4D48A0E4}.Debug|x86.Build.0 = Debug|Any CPU
		{E8A89103-9263-4592-AE72-711C4D48A0E4}.Release|Any CPU.ActiveCfg = Release|Any CPU
		{E8A89103-9263-4592-AE72-711C4D48A0E4}.Release|Any CPU.Build.0 = Release|Any CPU
		{E8A89103-9263-4592-AE72-711C4D48A0E4}.Release|x64.ActiveCfg = Release|Any CPU
		{E8A89103-9263-4592-AE72-711C4D48A0E4}.Release|x64.Build.0 = Release|Any CPU
		{E8A89103-9263-4592-AE72-711C4D48A0E4}.Release|x86.ActiveCfg = Release|Any CPU
		{E8A89103-9263-4592-AE72-711C4D48A0E4}.Release|x86.Build.0 = Release|Any CPU
		{135EF4ED-F4C0-4565-A7F7-93489EC4B228}.Debug|Any CPU.ActiveCfg = Debug|Any CPU
		{135EF4ED-F4C0-4565-A7F7-93489EC4B228}.Debug|Any CPU.Build.0 = Debug|Any CPU
		{135EF4ED-F4C0-4565-A7F7-93489EC4B228}.Debug|x64.ActiveCfg = Debug|Any CPU
		{135EF4ED-F4C0-4565-A7F7-93489EC4B228}.Debug|x64.Build.0 = Debug|Any CPU
		{135EF4ED-F4C0-4565-A7F7-93489EC4B228}.Debug|x86.ActiveCfg = Debug|Any CPU
		{135EF4ED-F4C0-4565-A7F7-93489EC4B228}.Debug|x86.Build.0 = Debug|Any CPU
		{135EF4ED-F4C0-4565-A7F7-93489EC4B228}.Release|Any CPU.ActiveCfg = Release|Any CPU
		{135EF4ED-F4C0-4565-A7F7-93489EC4B228}.Release|Any CPU.Build.0 = Release|Any CPU
		{135EF4ED-F4C0-4565-A7F7-93489EC4B228}.Release|x64.ActiveCfg = Release|Any CPU
		{135EF4ED-F4C0-4565-A7F7-93489EC4B228}.Release|x64.Build.0 = Release|Any CPU
		{135EF4ED-F4C0-4565-A7F7-93489EC4B228}.Release|x86.ActiveCfg = Release|Any CPU
		{135EF4ED-F4C0-4565-A7F7-93489EC4B228}.Release|x86.Build.0 = Release|Any CPU
	EndGlobalSection
	GlobalSection(SolutionProperties) = preSolution
		HideSolutionNode = FALSE
	EndGlobalSection
	GlobalSection(NestedProjects) = preSolution
		{96F30B32-9DE5-450F-B54F-CFDFACC91AFF} = {7306A281-C46A-4EE3-948D-513D56B1BD34}
		{D77F3443-68A2-4F6A-ABB8-0E7CA32643FA} = {7306A281-C46A-4EE3-948D-513D56B1BD34}
		{BEE4A236-2112-44BF-8013-00542A07E4FE} = {7306A281-C46A-4EE3-948D-513D56B1BD34}
		{D69799F9-BE09-4303-A67D-323A60AA8C0A} = {7306A281-C46A-4EE3-948D-513D56B1BD34}
		{E0886BA7-F33C-4FB4-80D1-93FCC1C4A513} = {7306A281-C46A-4EE3-948D-513D56B1BD34}
		{B3CDC49A-D71A-4C0D-945F-8DD69FC1B066} = {2B17496A-5870-4676-927B-6B45871C7BBA}
		{AAA2257C-D227-404A-8EDF-7BF6C5592D51} = {7306A281-C46A-4EE3-948D-513D56B1BD34}
		{BAA14585-1716-40FB-A04E-F986F1038638} = {7306A281-C46A-4EE3-948D-513D56B1BD34}
		{E2871C52-FBBF-44A4-A3CD-185E5F6AA7EB} = {2B17496A-5870-4676-927B-6B45871C7BBA}
		{A634C7D8-FD7D-49F5-A98E-626F0AEE145F} = {7306A281-C46A-4EE3-948D-513D56B1BD34}
		{9E677D76-414B-492C-AF74-1B091F940D00} = {2B17496A-5870-4676-927B-6B45871C7BBA}
		{F30843C3-AFB5-435E-8A7D-9B4C86A75E18} = {51031120-B48D-4680-8808-26B64F235CB9}
		{89404F66-90BC-4D45-9061-050334772CDC} = {7306A281-C46A-4EE3-948D-513D56B1BD34}
		{6BE0D6D5-F251-4628-9FB9-B19C565FC5EB} = {51031120-B48D-4680-8808-26B64F235CB9}
		{2FBCE916-1965-46BA-8054-B6D271388DE1} = {7306A281-C46A-4EE3-948D-513D56B1BD34}
	EndGlobalSection
	GlobalSection(ExtensibilityGlobals) = postSolution
		SolutionGuid = {B2E71FD9-E3D5-450C-A9E0-318DAA986F31}
	EndGlobalSection
EndGlobal
